// !$*UTF8*$!
{
	archiveVersion = 1;
	classes = {
	};
	objectVersion = 46;
	objects = {

/* Begin PBXBuildFile section */
		187196481F4151A1006282D8 /* main.m in Sources */ = {isa = PBXBuildFile; fileRef = 187196471F4151A1006282D8 /* main.m */; };
		1871964B1F4151A1006282D8 /* AppDelegate.m in Sources */ = {isa = PBXBuildFile; fileRef = 1871964A1F4151A1006282D8 /* AppDelegate.m */; };
		1871964E1F4151A1006282D8 /* ViewController.m in Sources */ = {isa = PBXBuildFile; fileRef = 1871964D1F4151A1006282D8 /* ViewController.m */; };
		187196511F4151A1006282D8 /* Main.storyboard in Resources */ = {isa = PBXBuildFile; fileRef = 1871964F1F4151A1006282D8 /* Main.storyboard */; };
		187196531F4151A1006282D8 /* Assets.xcassets in Resources */ = {isa = PBXBuildFile; fileRef = 187196521F4151A1006282D8 /* Assets.xcassets */; };
		187196561F4151A1006282D8 /* LaunchScreen.storyboard in Resources */ = {isa = PBXBuildFile; fileRef = 187196541F4151A1006282D8 /* LaunchScreen.storyboard */; };
		187196611F4151A1006282D8 /* ModelProductTests.m in Sources */ = {isa = PBXBuildFile; fileRef = 187196601F4151A1006282D8 /* ModelProductTests.m */; };
		1871966C1F4151A1006282D8 /* ModelProductUITests.m in Sources */ = {isa = PBXBuildFile; fileRef = 1871966B1F4151A1006282D8 /* ModelProductUITests.m */; };
/* End PBXBuildFile section */

/* Begin PBXContainerItemProxy section */
		1871965D1F4151A1006282D8 /* PBXContainerItemProxy */ = {
			isa = PBXContainerItemProxy;
			containerPortal = 1871963B1F4151A1006282D8 /* Project object */;
			proxyType = 1;
			remoteGlobalIDString = 187196421F4151A1006282D8;
			remoteInfo = ModelProduct;
		};
		187196681F4151A1006282D8 /* PBXContainerItemProxy */ = {
			isa = PBXContainerItemProxy;
			containerPortal = 1871963B1F4151A1006282D8 /* Project object */;
			proxyType = 1;
			remoteGlobalIDString = 187196421F4151A1006282D8;
			remoteInfo = ModelProduct;
		};
/* End PBXContainerItemProxy section */

/* Begin PBXFileReference section */
		187196431F4151A1006282D8 /* ModelProduct.app */ = {isa = PBXFileReference; explicitFileType = wrapper.application; includeInIndex = 0; path = ModelProduct.app; sourceTree = BUILT_PRODUCTS_DIR; };
		187196471F4151A1006282D8 /* main.m */ = {isa = PBXFileReference; lastKnownFileType = sourcecode.c.objc; path = main.m; sourceTree = "<group>"; };
		187196491F4151A1006282D8 /* AppDelegate.h */ = {isa = PBXFileReference; lastKnownFileType = sourcecode.c.h; path = AppDelegate.h; sourceTree = "<group>"; };
		1871964A1F4151A1006282D8 /* AppDelegate.m */ = {isa = PBXFileReference; lastKnownFileType = sourcecode.c.objc; path = AppDelegate.m; sourceTree = "<group>"; };
		1871964C1F4151A1006282D8 /* ViewController.h */ = {isa = PBXFileReference; lastKnownFileType = sourcecode.c.h; path = ViewController.h; sourceTree = "<group>"; };
		1871964D1F4151A1006282D8 /* ViewController.m */ = {isa = PBXFileReference; lastKnownFileType = sourcecode.c.objc; path = ViewController.m; sourceTree = "<group>"; };
		187196501F4151A1006282D8 /* Base */ = {isa = PBXFileReference; lastKnownFileType = file.storyboard; name = Base; path = Base.lproj/Main.storyboard; sourceTree = "<group>"; };
		187196521F4151A1006282D8 /* Assets.xcassets */ = {isa = PBXFileReference; lastKnownFileType = folder.assetcatalog; path = Assets.xcassets; sourceTree = "<group>"; };
		187196551F4151A1006282D8 /* Base */ = {isa = PBXFileReference; lastKnownFileType = file.storyboard; name = Base; path = Base.lproj/LaunchScreen.storyboard; sourceTree = "<group>"; };
		187196571F4151A1006282D8 /* Info.plist */ = {isa = PBXFileReference; lastKnownFileType = text.plist.xml; path = Info.plist; sourceTree = "<group>"; };
		1871965C1F4151A1006282D8 /* ModelProductTests.xctest */ = {isa = PBXFileReference; explicitFileType = wrapper.cfbundle; includeInIndex = 0; path = ModelProductTests.xctest; sourceTree = BUILT_PRODUCTS_DIR; };
		187196601F4151A1006282D8 /* ModelProductTests.m */ = {isa = PBXFileReference; lastKnownFileType = sourcecode.c.objc; path = ModelProductTests.m; sourceTree = "<group>"; };
		187196621F4151A1006282D8 /* Info.plist */ = {isa = PBXFileReference; lastKnownFileType = text.plist.xml; path = Info.plist; sourceTree = "<group>"; };
		187196671F4151A1006282D8 /* ModelProductUITests.xctest */ = {isa = PBXFileReference; explicitFileType = wrapper.cfbundle; includeInIndex = 0; path = ModelProductUITests.xctest; sourceTree = BUILT_PRODUCTS_DIR; };
		1871966B1F4151A1006282D8 /* ModelProductUITests.m */ = {isa = PBXFileReference; lastKnownFileType = sourcecode.c.objc; path = ModelProductUITests.m; sourceTree = "<group>"; };
		1871966D1F4151A1006282D8 /* Info.plist */ = {isa = PBXFileReference; lastKnownFileType = text.plist.xml; path = Info.plist; sourceTree = "<group>"; };
/* End PBXFileReference section */

/* Begin PBXFrameworksBuildPhase section */
		187196401F4151A1006282D8 /* Frameworks */ = {
			isa = PBXFrameworksBuildPhase;
			buildActionMask = 2147483647;
			files = (
			);
			runOnlyForDeploymentPostprocessing = 0;
		};
		187196591F4151A1006282D8 /* Frameworks */ = {
			isa = PBXFrameworksBuildPhase;
			buildActionMask = 2147483647;
			files = (
			);
			runOnlyForDeploymentPostprocessing = 0;
		};
		187196641F4151A1006282D8 /* Frameworks */ = {
			isa = PBXFrameworksBuildPhase;
			buildActionMask = 2147483647;
			files = (
			);
			runOnlyForDeploymentPostprocessing = 0;
		};
/* End PBXFrameworksBuildPhase section */

/* Begin PBXGroup section */
		1871963A1F4151A1006282D8 = {
			isa = PBXGroup;
			children = (
				187196451F4151A1006282D8 /* ModelProduct */,
				1871965F1F4151A1006282D8 /* ModelProductTests */,
				1871966A1F4151A1006282D8 /* ModelProductUITests */,
				187196441F4151A1006282D8 /* Products */,
			);
			sourceTree = "<group>";
		};
		187196441F4151A1006282D8 /* Products */ = {
			isa = PBXGroup;
			children = (
				187196431F4151A1006282D8 /* ModelProduct.app */,
				1871965C1F4151A1006282D8 /* ModelProductTests.xctest */,
				187196671F4151A1006282D8 /* ModelProductUITests.xctest */,
			);
			name = Products;
			sourceTree = "<group>";
		};
		187196451F4151A1006282D8 /* ModelProduct */ = {
			isa = PBXGroup;
			children = (
				187196491F4151A1006282D8 /* AppDelegate.h */,
				1871964A1F4151A1006282D8 /* AppDelegate.m */,
				1871964C1F4151A1006282D8 /* ViewController.h */,
				1871964D1F4151A1006282D8 /* ViewController.m */,
				1871964F1F4151A1006282D8 /* Main.storyboard */,
				187196521F4151A1006282D8 /* Assets.xcassets */,
				187196541F4151A1006282D8 /* LaunchScreen.storyboard */,
				187196571F4151A1006282D8 /* Info.plist */,
				187196461F4151A1006282D8 /* Supporting Files */,
			);
			path = ModelProduct;
			sourceTree = "<group>";
		};
		187196461F4151A1006282D8 /* Supporting Files */ = {
			isa = PBXGroup;
			children = (
				187196471F4151A1006282D8 /* main.m */,
			);
			name = "Supporting Files";
			sourceTree = "<group>";
		};
		1871965F1F4151A1006282D8 /* ModelProductTests */ = {
			isa = PBXGroup;
			children = (
				187196601F4151A1006282D8 /* ModelProductTests.m */,
				187196621F4151A1006282D8 /* Info.plist */,
			);
			path = ModelProductTests;
			sourceTree = "<group>";
		};
		1871966A1F4151A1006282D8 /* ModelProductUITests */ = {
			isa = PBXGroup;
			children = (
				1871966B1F4151A1006282D8 /* ModelProductUITests.m */,
				1871966D1F4151A1006282D8 /* Info.plist */,
			);
			path = ModelProductUITests;
			sourceTree = "<group>";
		};
/* End PBXGroup section */

/* Begin PBXNativeTarget section */
		187196421F4151A1006282D8 /* ModelProduct */ = {
			isa = PBXNativeTarget;
			buildConfigurationList = 187196701F4151A1006282D8 /* Build configuration list for PBXNativeTarget "ModelProduct" */;
			buildPhases = (
				1871963F1F4151A1006282D8 /* Sources */,
				187196401F4151A1006282D8 /* Frameworks */,
				187196411F4151A1006282D8 /* Resources */,
			);
			buildRules = (
			);
			dependencies = (
			);
			name = ModelProduct;
			productName = ModelProduct;
			productReference = 187196431F4151A1006282D8 /* ModelProduct.app */;
			productType = "com.apple.product-type.application";
		};
		1871965B1F4151A1006282D8 /* ModelProductTests */ = {
			isa = PBXNativeTarget;
			buildConfigurationList = 187196731F4151A1006282D8 /* Build configuration list for PBXNativeTarget "ModelProductTests" */;
			buildPhases = (
				187196581F4151A1006282D8 /* Sources */,
				187196591F4151A1006282D8 /* Frameworks */,
				1871965A1F4151A1006282D8 /* Resources */,
			);
			buildRules = (
			);
			dependencies = (
				1871965E1F4151A1006282D8 /* PBXTargetDependency */,
			);
			name = ModelProductTests;
			productName = ModelProductTests;
			productReference = 1871965C1F4151A1006282D8 /* ModelProductTests.xctest */;
			productType = "com.apple.product-type.bundle.unit-test";
		};
		187196661F4151A1006282D8 /* ModelProductUITests */ = {
			isa = PBXNativeTarget;
			buildConfigurationList = 187196761F4151A1006282D8 /* Build configuration list for PBXNativeTarget "ModelProductUITests" */;
			buildPhases = (
				187196631F4151A1006282D8 /* Sources */,
				187196641F4151A1006282D8 /* Frameworks */,
				187196651F4151A1006282D8 /* Resources */,
			);
			buildRules = (
			);
			dependencies = (
				187196691F4151A1006282D8 /* PBXTargetDependency */,
			);
			name = ModelProductUITests;
			productName = ModelProductUITests;
			productReference = 187196671F4151A1006282D8 /* ModelProductUITests.xctest */;
			productType = "com.apple.product-type.bundle.ui-testing";
		};
/* End PBXNativeTarget section */

/* Begin PBXProject section */
		1871963B1F4151A1006282D8 /* Project object */ = {
			isa = PBXProject;
			attributes = {
				LastUpgradeCheck = 0830;
				ORGANIZATIONNAME = YQL;
				TargetAttributes = {
					187196421F4151A1006282D8 = {
						CreatedOnToolsVersion = 8.3.3;
						DevelopmentTeam = JG6MYTDY9T;
						ProvisioningStyle = Automatic;
					};
					1871965B1F4151A1006282D8 = {
						CreatedOnToolsVersion = 8.3.3;
						DevelopmentTeam = JG6MYTDY9T;
						ProvisioningStyle = Automatic;
						TestTargetID = 187196421F4151A1006282D8;
					};
					187196661F4151A1006282D8 = {
						CreatedOnToolsVersion = 8.3.3;
						DevelopmentTeam = JG6MYTDY9T;
						ProvisioningStyle = Automatic;
						TestTargetID = 187196421F4151A1006282D8;
					};
				};
			};
			buildConfigurationList = 1871963E1F4151A1006282D8 /* Build configuration list for PBXProject "ModelProduct" */;
			compatibilityVersion = "Xcode 3.2";
			developmentRegion = English;
			hasScannedForEncodings = 0;
			knownRegions = (
				en,
				Base,
			);
			mainGroup = 1871963A1F4151A1006282D8;
			productRefGroup = 187196441F4151A1006282D8 /* Products */;
			projectDirPath = "";
			projectRoot = "";
			targets = (
				187196421F4151A1006282D8 /* ModelProduct */,
				1871965B1F4151A1006282D8 /* ModelProductTests */,
				187196661F4151A1006282D8 /* ModelProductUITests */,
			);
		};
/* End PBXProject section */

/* Begin PBXResourcesBuildPhase section */
		187196411F4151A1006282D8 /* Resources */ = {
			isa = PBXResourcesBuildPhase;
			buildActionMask = 2147483647;
			files = (
				187196561F4151A1006282D8 /* LaunchScreen.storyboard in Resources */,
				187196531F4151A1006282D8 /* Assets.xcassets in Resources */,
				187196511F4151A1006282D8 /* Main.storyboard in Resources */,
			);
			runOnlyForDeploymentPostprocessing = 0;
		};
		1871965A1F4151A1006282D8 /* Resources */ = {
			isa = PBXResourcesBuildPhase;
			buildActionMask = 2147483647;
			files = (
			);
			runOnlyForDeploymentPostprocessing = 0;
		};
		187196651F4151A1006282D8 /* Resources */ = {
			isa = PBXResourcesBuildPhase;
			buildActionMask = 2147483647;
			files = (
			);
			runOnlyForDeploymentPostprocessing = 0;
		};
/* End PBXResourcesBuildPhase section */

/* Begin PBXSourcesBuildPhase section */
		1871963F1F4151A1006282D8 /* Sources */ = {
			isa = PBXSourcesBuildPhase;
			buildActionMask = 2147483647;
			files = (
				1871964E1F4151A1006282D8 /* ViewController.m in Sources */,
				1871964B1F4151A1006282D8 /* AppDelegate.m in Sources */,
				187196481F4151A1006282D8 /* main.m in Sources */,
			);
			runOnlyForDeploymentPostprocessing = 0;
		};
		187196581F4151A1006282D8 /* Sources */ = {
			isa = PBXSourcesBuildPhase;
			buildActionMask = 2147483647;
			files = (
				187196611F4151A1006282D8 /* ModelProductTests.m in Sources */,
			);
			runOnlyForDeploymentPostprocessing = 0;
		};
		187196631F4151A1006282D8 /* Sources */ = {
			isa = PBXSourcesBuildPhase;
			buildActionMask = 2147483647;
			files = (
				1871966C1F4151A1006282D8 /* ModelProductUITests.m in Sources */,
			);
			runOnlyForDeploymentPostprocessing = 0;
		};
/* End PBXSourcesBuildPhase section */

/* Begin PBXTargetDependency section */
		1871965E1F4151A1006282D8 /* PBXTargetDependency */ = {
			isa = PBXTargetDependency;
			target = 187196421F4151A1006282D8 /* ModelProduct */;
			targetProxy = 1871965D1F4151A1006282D8 /* PBXContainerItemProxy */;
		};
		187196691F4151A1006282D8 /* PBXTargetDependency */ = {
			isa = PBXTargetDependency;
			target = 187196421F4151A1006282D8 /* ModelProduct */;
			targetProxy = 187196681F4151A1006282D8 /* PBXContainerItemProxy */;
		};
/* End PBXTargetDependency section */

/* Begin PBXVariantGroup section */
		1871964F1F4151A1006282D8 /* Main.storyboard */ = {
			isa = PBXVariantGroup;
			children = (
				187196501F4151A1006282D8 /* Base */,
			);
			name = Main.storyboard;
			sourceTree = "<group>";
		};
		187196541F4151A1006282D8 /* LaunchScreen.storyboard */ = {
			isa = PBXVariantGroup;
			children = (
				187196551F4151A1006282D8 /* Base */,
			);
			name = LaunchScreen.storyboard;
			sourceTree = "<group>";
		};
/* End PBXVariantGroup section */

/* Begin XCBuildConfiguration section */
		1871966E1F4151A1006282D8 /* Debug */ = {
			isa = XCBuildConfiguration;
			buildSettings = {
				ALWAYS_SEARCH_USER_PATHS = NO;
				CLANG_ANALYZER_NONNULL = YES;
				CLANG_ANALYZER_NUMBER_OBJECT_CONVERSION = YES_AGGRESSIVE;
				CLANG_CXX_LANGUAGE_STANDARD = "gnu++0x";
				CLANG_CXX_LIBRARY = "libc++";
				CLANG_ENABLE_MODULES = YES;
				CLANG_ENABLE_OBJC_ARC = YES;
				CLANG_WARN_BOOL_CONVERSION = YES;
				CLANG_WARN_CONSTANT_CONVERSION = YES;
				CLANG_WARN_DIRECT_OBJC_ISA_USAGE = YES_ERROR;
				CLANG_WARN_DOCUMENTATION_COMMENTS = YES;
				CLANG_WARN_EMPTY_BODY = YES;
				CLANG_WARN_ENUM_CONVERSION = YES;
				CLANG_WARN_INFINITE_RECURSION = YES;
				CLANG_WARN_INT_CONVERSION = YES;
				CLANG_WARN_OBJC_ROOT_CLASS = YES_ERROR;
				CLANG_WARN_SUSPICIOUS_MOVE = YES;
				CLANG_WARN_UNREACHABLE_CODE = YES;
				CLANG_WARN__DUPLICATE_METHOD_MATCH = YES;
				"CODE_SIGN_IDENTITY[sdk=iphoneos*]" = "iPhone Developer";
				COPY_PHASE_STRIP = NO;
				DEBUG_INFORMATION_FORMAT = dwarf;
				ENABLE_STRICT_OBJC_MSGSEND = YES;
				ENABLE_TESTABILITY = YES;
				GCC_C_LANGUAGE_STANDARD = gnu99;
				GCC_DYNAMIC_NO_PIC = NO;
				GCC_NO_COMMON_BLOCKS = YES;
				GCC_OPTIMIZATION_LEVEL = 0;
				GCC_PREPROCESSOR_DEFINITIONS = (
					"DEBUG=1",
					"$(inherited)",
				);
				GCC_WARN_64_TO_32_BIT_CONVERSION = YES;
				GCC_WARN_ABOUT_RETURN_TYPE = YES_ERROR;
				GCC_WARN_UNDECLARED_SELECTOR = YES;
				GCC_WARN_UNINITIALIZED_AUTOS = YES_AGGRESSIVE;
				GCC_WARN_UNUSED_FUNCTION = YES;
				GCC_WARN_UNUSED_VARIABLE = YES;
				IPHONEOS_DEPLOYMENT_TARGET = 10.3;
				MTL_ENABLE_DEBUG_INFO = YES;
				ONLY_ACTIVE_ARCH = YES;
				SDKROOT = iphoneos;
				TARGETED_DEVICE_FAMILY = "1,2";
			};
			name = Debug;
		};
		1871966F1F4151A1006282D8 /* Release */ = {
			isa = XCBuildConfiguration;
			buildSettings = {
				ALWAYS_SEARCH_USER_PATHS = NO;
				CLANG_ANALYZER_NONNULL = YES;
				CLANG_ANALYZER_NUMBER_OBJECT_CONVERSION = YES_AGGRESSIVE;
				CLANG_CXX_LANGUAGE_STANDARD = "gnu++0x";
				CLANG_CXX_LIBRARY = "libc++";
				CLANG_ENABLE_MODULES = YES;
				CLANG_ENABLE_OBJC_ARC = YES;
				CLANG_WARN_BOOL_CONVERSION = YES;
				CLANG_WARN_CONSTANT_CONVERSION = YES;
				CLANG_WARN_DIRECT_OBJC_ISA_USAGE = YES_ERROR;
				CLANG_WARN_DOCUMENTATION_COMMENTS = YES;
				CLANG_WARN_EMPTY_BODY = YES;
				CLANG_WARN_ENUM_CONVERSION = YES;
				CLANG_WARN_INFINITE_RECURSION = YES;
				CLANG_WARN_INT_CONVERSION = YES;
				CLANG_WARN_OBJC_ROOT_CLASS = YES_ERROR;
				CLANG_WARN_SUSPICIOUS_MOVE = YES;
				CLANG_WARN_UNREACHABLE_CODE = YES;
				CLANG_WARN__DUPLICATE_METHOD_MATCH = YES;
				"CODE_SIGN_IDENTITY[sdk=iphoneos*]" = "iPhone Developer";
				COPY_PHASE_STRIP = NO;
				DEBUG_INFORMATION_FORMAT = "dwarf-with-dsym";
				ENABLE_NS_ASSERTIONS = NO;
				ENABLE_STRICT_OBJC_MSGSEND = YES;
				GCC_C_LANGUAGE_STANDARD = gnu99;
				GCC_NO_COMMON_BLOCKS = YES;
				GCC_WARN_64_TO_32_BIT_CONVERSION = YES;
				GCC_WARN_ABOUT_RETURN_TYPE = YES_ERROR;
				GCC_WARN_UNDECLARED_SELECTOR = YES;
				GCC_WARN_UNINITIALIZED_AUTOS = YES_AGGRESSIVE;
				GCC_WARN_UNUSED_FUNCTION = YES;
				GCC_WARN_UNUSED_VARIABLE = YES;
				IPHONEOS_DEPLOYMENT_TARGET = 10.3;
				MTL_ENABLE_DEBUG_INFO = NO;
				SDKROOT = iphoneos;
				TARGETED_DEVICE_FAMILY = "1,2";
				VALIDATE_PRODUCT = YES;
			};
			name = Release;
		};
		187196711F4151A1006282D8 /* Debug */ = {
			isa = XCBuildConfiguration;
			buildSettings = {
				ASSETCATALOG_COMPILER_APPICON_NAME = AppIcon;
				DEVELOPMENT_TEAM = JG6MYTDY9T;
				INFOPLIST_FILE = ModelProduct/Info.plist;
				LD_RUNPATH_SEARCH_PATHS = "$(inherited) @executable_path/Frameworks";
				PRODUCT_BUNDLE_IDENTIFIER = YQL.ModelProduct;
				PRODUCT_NAME = "$(TARGET_NAME)";
			};
			name = Debug;
		};
		187196721F4151A1006282D8 /* Release */ = {
			isa = XCBuildConfiguration;
			buildSettings = {
				ASSETCATALOG_COMPILER_APPICON_NAME = AppIcon;
				DEVELOPMENT_TEAM = JG6MYTDY9T;
				INFOPLIST_FILE = ModelProduct/Info.plist;
				LD_RUNPATH_SEARCH_PATHS = "$(inherited) @executable_path/Frameworks";
				PRODUCT_BUNDLE_IDENTIFIER = YQL.ModelProduct;
				PRODUCT_NAME = "$(TARGET_NAME)";
			};
			name = Release;
		};
		187196741F4151A1006282D8 /* Debug */ = {
			isa = XCBuildConfiguration;
			buildSettings = {
				BUNDLE_LOADER = "$(TEST_HOST)";
				DEVELOPMENT_TEAM = JG6MYTDY9T;
				INFOPLIST_FILE = ModelProductTests/Info.plist;
				LD_RUNPATH_SEARCH_PATHS = "$(inherited) @executable_path/Frameworks @loader_path/Frameworks";
				PRODUCT_BUNDLE_IDENTIFIER = YQL.ModelProductTests;
				PRODUCT_NAME = "$(TARGET_NAME)";
				TEST_HOST = "$(BUILT_PRODUCTS_DIR)/ModelProduct.app/ModelProduct";
			};
			name = Debug;
		};
		187196751F4151A1006282D8 /* Release */ = {
			isa = XCBuildConfiguration;
			buildSettings = {
				BUNDLE_LOADER = "$(TEST_HOST)";
				DEVELOPMENT_TEAM = JG6MYTDY9T;
				INFOPLIST_FILE = ModelProductTests/Info.plist;
				LD_RUNPATH_SEARCH_PATHS = "$(inherited) @executable_path/Frameworks @loader_path/Frameworks";
				PRODUCT_BUNDLE_IDENTIFIER = YQL.ModelProductTests;
				PRODUCT_NAME = "$(TARGET_NAME)";
				TEST_HOST = "$(BUILT_PRODUCTS_DIR)/ModelProduct.app/ModelProduct";
			};
			name = Release;
		};
		187196771F4151A1006282D8 /* Debug */ = {
			isa = XCBuildConfiguration;
			buildSettings = {
				DEVELOPMENT_TEAM = JG6MYTDY9T;
				INFOPLIST_FILE = ModelProductUITests/Info.plist;
				LD_RUNPATH_SEARCH_PATHS = "$(inherited) @executable_path/Frameworks @loader_path/Frameworks";
				PRODUCT_BUNDLE_IDENTIFIER = YQL.ModelProductUITests;
				PRODUCT_NAME = "$(TARGET_NAME)";
				TEST_TARGET_NAME = ModelProduct;
			};
			name = Debug;
		};
		187196781F4151A1006282D8 /* Release */ = {
			isa = XCBuildConfiguration;
			buildSettings = {
				DEVELOPMENT_TEAM = JG6MYTDY9T;
				INFOPLIST_FILE = ModelProductUITests/Info.plist;
				LD_RUNPATH_SEARCH_PATHS = "$(inherited) @executable_path/Frameworks @loader_path/Frameworks";
				PRODUCT_BUNDLE_IDENTIFIER = YQL.ModelProductUITests;
				PRODUCT_NAME = "$(TARGET_NAME)";
				TEST_TARGET_NAME = ModelProduct;
			};
			name = Release;
		};
/* End XCBuildConfiguration section */

/* Begin XCConfigurationList section */
		1871963E1F4151A1006282D8 /* Build configuration list for PBXProject "ModelProduct" */ = {
			isa = XCConfigurationList;
			buildConfigurations = (
				1871966E1F4151A1006282D8 /* Debug */,
				1871966F1F4151A1006282D8 /* Release */,
			);
			defaultConfigurationIsVisible = 0;
			defaultConfigurationName = Release;
		};
		187196701F4151A1006282D8 /* Build configuration list for PBXNativeTarget "ModelProduct" */ = {
			isa = XCConfigurationList;
			buildConfigurations = (
				187196711F4151A1006282D8 /* Debug */,
				187196721F4151A1006282D8 /* Release */,
			);
			defaultConfigurationIsVisible = 0;
		};
		187196731F4151A1006282D8 /* Build configuration list for PBXNativeTarget "ModelProductTests" */ = {
			isa = XCConfigurationList;
			buildConfigurations = (
				187196741F4151A1006282D8 /* Debug */,
				187196751F4151A1006282D8 /* Release */,
			);
			defaultConfigurationIsVisible = 0;
		};
		187196761F4151A1006282D8 /* Build configuration list for PBXNativeTarget "ModelProductUITests" */ = {
			isa = XCConfigurationList;
			buildConfigurations = (
				187196771F4151A1006282D8 /* Debug */,
				187196781F4151A1006282D8 /* Release */,
			);
			defaultConfigurationIsVisible = 0;
		};
/* End XCConfigurationList section */
	};
	rootObject = 1871963B1F4151A1006282D8 /* Project object */;
}
